Microsoft Visual Studio Solution File, Format Version 12.00
# Visual Studio Version 17
VisualStudioVersion = 17.14.36221.1
MinimumVisualStudioVersion = 16.0.0.0
Project("{9A19103F-16F7-4668-BE54-9A1E7A4F7556}") = "LendingApp.Server", "Server\LendingApp.Server.csproj", "{20144F92-F0A2-4C51-8BCE-1A5DEE8DACF5}"
EndProject
Project("{9A19103F-16F7-4668-BE54-9A1E7A4F7556}") = "LendingApp.Client", "Client\LendingApp.Client.csproj", "{B8B7D277-8197-457A-A0EE-48BFC082B28B}"
EndProject
Project("{9A19103F-16F7-4668-BE54-9A1E7A4F7556}") = "LendingApp.Shared", "Shared\LendingApp.Shared.csproj", "{31C34026-681B-4C8B-82D6-C206D9413C39}"
EndProject
Global
	GlobalSection(SolutionConfigurationPlatforms) = preSolution
		Debug|Any CPU = Debug|Any CPU
		Debug|x64 = Debug|x64
		Debug|x86 = Debug|x86
		Release|Any CPU = Release|Any CPU
		Release|x64 = Release|x64
		Release|x86 = Release|x86
	EndGlobalSection
	GlobalSection(ProjectConfigurationPlatforms) = postSolution
		{20144F92-F0A2-4C51-8BCE-1A5DEE8DACF5}.Debug|Any CPU.ActiveCfg = Debug|Any CPU
		{20144F92-F0A2-4C51-8BCE-1A5DEE8DACF5}.Debug|Any CPU.Build.0 = Debug|Any CPU
		{20144F92-F0A2-4C51-8BCE-1A5DEE8DACF5}.Debug|x64.ActiveCfg = Debug|Any CPU
		{20144F92-F0A2-4C51-8BCE-1A5DEE8DACF5}.Debug|x64.Build.0 = Debug|Any CPU
		{20144F92-F0A2-4C51-8BCE-1A5DEE8DACF5}.Debug|x86.ActiveCfg = Debug|Any CPU
		{20144F92-F0A2-4C51-8BCE-1A5DEE8DACF5}.Debug|x86.Build.0 = Debug|Any CPU
		{20144F92-F0A2-4C51-8BCE-1A5DEE8DACF5}.Release|Any CPU.ActiveCfg = Release|Any CPU
		{20144F92-F0A2-4C51-8BCE-1A5DEE8DACF5}.Release|Any CPU.Build.0 = Release|Any CPU
		{20144F92-F0A2-4C51-8BCE-1A5DEE8DACF5}.Release|x64.ActiveCfg = Release|Any CPU
		{20144F92-F0A2-4C51-8BCE-1A5DEE8DACF5}.Release|x64.Build.0 = Release|Any CPU
		{20144F92-F0A2-4C51-8BCE-1A5DEE8DACF5}.Release|x86.ActiveCfg = Release|Any CPU
		{20144F92-F0A2-4C51-8BCE-1A5DEE8DACF5}.Release|x86.Build.0 = Release|Any CPU
		{B8B7D277-8197-457A-A0EE-48BFC082B28B}.Debug|Any CPU.ActiveCfg = Debug|Any CPU
		{B8B7D277-8197-457A-A0EE-48BFC082B28B}.Debug|Any CPU.Build.0 = Debug|Any CPU
		{B8B7D277-8197-457A-A0EE-48BFC082B28B}.Debug|x64.ActiveCfg = Debug|Any CPU
		{B8B7D277-8197-457A-A0EE-48BFC082B28B}.Debug|x64.Build.0 = Debug|Any CPU
		{B8B7D277-8197-457A-A0EE-48BFC082B28B}.Debug|x86.ActiveCfg = Debug|Any CPU
		{B8B7D277-8197-457A-A0EE-48BFC082B28B}.Debug|x86.Build.0 = Debug|Any CPU
		{B8B7D277-8197-457A-A0EE-48BFC082B28B}.Release|Any CPU.ActiveCfg = Release|Any CPU
		{B8B7D277-8197-457A-A0EE-48BFC082B28B}.Release|Any CPU.Build.0 = Release|Any CPU
		{B8B7D277-8197-457A-A0EE-48BFC082B28B}.Release|x64.ActiveCfg = Release|Any CPU
		{B8B7D277-8197-457A-A0EE-48BFC082B28B}.Release|x64.Build.0 = Release|Any CPU
		{B8B7D277-8197-457A-A0EE-48BFC082B28B}.Release|x86.ActiveCfg = Release|Any CPU
		{B8B7D277-8197-457A-A0EE-48BFC082B28B}.Release|x86.Build.0 = Release|Any CPU
		{31C34026-681B-4C8B-82D6-C206D9413C39}.Debug|Any CPU.ActiveCfg = Debug|Any CPU
		{31C34026-681B-4C8B-82D6-C206D9413C39}.Debug|Any CPU.Build.0 = Debug|Any CPU
		{31C34026-681B-4C8B-82D6-C206D9413C39}.Debug|x64.ActiveCfg = Debug|Any CPU
		{31C34026-681B-4C8B-82D6-C206D9413C39}.Debug|x64.Build.0 = Debug|Any CPU
		{31C34026-681B-4C8B-82D6-C206D9413C39}.Debug|x86.ActiveCfg = Debug|Any CPU
		{31C34026-681B-4C8B-82D6-C206D9413C39}.Debug|x86.Build.0 = Debug|Any CPU
		{31C34026-681B-4C8B-82D6-C206D9413C39}.Release|Any CPU.ActiveCfg = Release|Any CPU
		{31C34026-681B-4C8B-82D6-C206D9413C39}.Release|Any CPU.Build.0 = Release|Any CPU
		{31C34026-681B-4C8B-82D6-C206D9413C39}.Release|x64.ActiveCfg = Release|Any CPU
		{31C34026-681B-4C8B-82D6-C206D9413C39}.Release|x64.Build.0 = Release|Any CPU
		{31C34026-681B-4C8B-82D6-C206D9413C39}.Release|x86.ActiveCfg = Release|Any CPU
		{31C34026-681B-4C8B-82D6-C206D9413C39}.Release|x86.Build.0 = Release|Any CPU
	EndGlobalSection
	GlobalSection(SolutionProperties) = preSolution
		HideSolutionNode = FALSE
	EndGlobalSection
	GlobalSection(ExtensibilityGlobals) = postSolution
		SolutionGuid = {5E6EAD03-16B0-4B4A-881D-19D251425E06}
	EndGlobalSection
EndGlobal
